
Microsoft Visual Studio Solution File, Format Version 12.00
# Visual Studio Version 17
VisualStudioVersion = 17.8.34525.116
MinimumVisualStudioVersion = 10.0.40219.1
Project("{FAE04EC0-301F-11D3-BF4B-00C04F79EFBC}") = "Week15", "Week15\Week15.csproj", "{D47C3889-E31C-4BD5-8FAC-40BE174CBB46}"
EndProject
Global
	GlobalSection(SolutionConfigurationPlatforms) = preSolution
		Debug|Any CPU = Debug|Any CPU
		Release|Any CPU = Release|Any CPU
	EndGlobalSection
	GlobalSection(ProjectConfigurationPlatforms) = postSolution
		{D47C3889-E31C-4BD5-8FAC-40BE174CBB46}.Debug|Any CPU.ActiveCfg = Debug|Any CPU
		{D47C3889-E31C-4BD5-8FAC-40BE174CBB46}.Debug|Any CPU.Build.0 = Debug|Any CPU
		{D47C3889-E31C-4BD5-8FAC-40BE174CBB46}.Release|Any CPU.ActiveCfg = Release|Any CPU
		{D47C3889-E31C-4BD5-8FAC-40BE174CBB46}.Release|Any CPU.Build.0 = Release|Any CPU
	EndGlobalSection
	GlobalSection(SolutionProperties) = preSolution
		HideSolutionNode = FALSE
	EndGlobalSection
	GlobalSection(ExtensibilityGlobals) = postSolution
		SolutionGuid = {A72F36D1-360B-4BF6-AF6E-DE72BCA5D3AB}
	EndGlobalSection
EndGlobal
